
Microsoft Visual Studio Solution File, Format Version 12.00
# Visual Studio Version 16
VisualStudioVersion = 16.0.30517.126
MinimumVisualStudioVersion = 10.0.40219.1
Project("{FAE04EC0-301F-11D3-BF4B-00C04F79EFBC}") = "Chat", "Chat\Chat.csproj", "{313053D3-8FE1-40FC-BC44-4EEF51583C88}"
EndProject
Global
	GlobalSection(SolutionConfigurationPlatforms) = preSolution
		Debug|Any CPU = Debug|Any CPU
		Release|Any CPU = Release|Any CPU
	EndGlobalSection
	GlobalSection(ProjectConfigurationPlatforms) = postSolution
		{313053D3-8FE1-40FC-BC44-4EEF51583C88}.Debug|Any CPU.ActiveCfg = Debug|Any CPU
		{313053D3-8FE1-40FC-BC44-4EEF51583C88}.Debug|Any CPU.Build.0 = Debug|Any CPU
		{313053D3-8FE1-40FC-BC44-4EEF51583C88}.Release|Any CPU.ActiveCfg = Release|Any CPU
		{313053D3-8FE1-40FC-BC44-4EEF51583C88}.Release|Any CPU.Build.0 = Release|Any CPU
	EndGlobalSection
	GlobalSection(SolutionProperties) = preSolution
		HideSolutionNode = FALSE
	EndGlobalSection
	GlobalSection(ExtensibilityGlobals) = postSolution
		SolutionGuid = {17C9A31E-1F46-4D1D-BC27-76F40CA893C9}
	EndGlobalSection
EndGlobal
